PODS:
  - Appsee (2.2)
  - AsyncDisplayKit (1.9.80):
    - AsyncDisplayKit/PINRemoteImage (= 1.9.80)
  - AsyncDisplayKit/ASDealloc2MainObject (1.9.80)
  - AsyncDisplayKit/Core (1.9.80):
    - AsyncDisplayKit/ASDealloc2MainObject
  - AsyncDisplayKit/PINRemoteImage (1.9.80):
    - AsyncDisplayKit/Core
    - PINRemoteImage/iOS (>= 3.0.0-beta.2)
  - Base64 (1.1.2)
  - DeviceGuru (1.3.7)
  - Fabric (1.6.7)
  - FXBlurView (1.6.4)
  - JPush (2.1.7)
  - PINCache (2.2.2)
  - PINRemoteImage/Core (3.0.0-beta.2):
    - PINCache (>= 2.1)
  - PINRemoteImage/iOS (3.0.0-beta.2):
    - PINRemoteImage/Core
  - pop (1.0.9)
  - SocketRocket (0.5.1)
  - TPKeyboardAvoiding (1.3)

DEPENDENCIES:
  - Appsee
  - AsyncDisplayKit
  - Base64
  - DeviceGuru
  - Fabric
  - FXBlurView
  - JPush
  - pop
  - SocketRocket
  - TPKeyboardAvoiding

SPEC CHECKSUMS:
  Appsee: c95173e65acaab0ffc8a082c70633c9f5f45d5f0
  AsyncDisplayKit: ab57b10cd058797015c77be10407f3dc13027c85
  Base64: cecfb41a004124895a7bcee567a89bae5a89d49b
  DeviceGuru: f847629dc0da0145ba48a9fc314e613ca4aa9caf
  Fabric: caf7580c725e64db144f610ac65cd60956911dc7
  FXBlurView: db786c2561cb49a09ae98407f52460096ab8a44f
  JPush: d37320eba856bf91f2c73989df4abf1e8846db2c
  PINCache: 078426d356ab95ef875e9e62e5c35a2ea3333c28
  PINRemoteImage: 197554c5ba57a6ae90f5db441651180039fc9062
  pop: f667631a5108a2e60d9e8797c9b32ddaf2080bce
  SocketRocket: d57c7159b83c3c6655745cd15302aa24b6bae531
  TPKeyboardAvoiding: a5138f318c06fb3e151f886e18ce4a72695d9cbe

PODFILE CHECKSUM: 839750aabea401d9fb0a081677cb6d84234993c3

COCOAPODS: 1.0.1
