PODS:
  - AFNetworking (2.5.4):
    - AFNetworking/NSURLConnection (= 2.5.4)
    - AFNetworking/NSURLSession (= 2.5.4)
    - AFNetworking/Reachability (= 2.5.4)
    - AFNetworking/Security (= 2.5.4)
    - AFNetworking/Serialization (= 2.5.4)
    - AFNetworking/UIKit (= 2.5.4)
  - AFNetworking/NSURLConnection (2.5.4):
    - AFNetworking/Reachability
    - AFNetworking/Security
    - AFNetworking/Serialization
  - AFNetworking/NSURLSession (2.5.4):
    - AFNetworking/Reachability
    - AFNetworking/Security
    - AFNetworking/Serialization
  - AFNetworking/Reachability (2.5.4)
  - AFNetworking/Security (2.5.4)
  - AFNetworking/Serialization (2.5.4)
  - AFNetworking/UIKit (2.5.4):
    - AFNetworking/NSURLConnection
    - AFNetworking/NSURLSession
  - APAddressBook/Core (0.1.11)
  - APAddressBook/Swift (0.1.11):
    - APAddressBook/Core
  - Base64 (1.0.1)
  - FXBlurView (1.6.3)
  - KeyboardMan (0.2)
  - Kingfisher (1.4.2)
  - MZFayeClient (1.0.1):
    - Base64 (~> 1.0.1)
    - SocketRocket (~> 0.4)
  - pop (1.0.7)
  - Proposer (0.6.2)
  - Realm (0.93.2):
    - Realm/Headers (= 0.93.2)
  - Realm/Headers (0.93.2)
  - RealmSwift (0.93.2):
    - Realm (= 0.93.2)
  - Ruler (0.5)
  - SocketRocket (0.4)
  - TPKeyboardAvoiding (1.2.9)

DEPENDENCIES:
  - AFNetworking
  - APAddressBook/Swift
  - FXBlurView
  - KeyboardMan (from `KeyboardMan.podspec`)
  - Kingfisher
  - MZFayeClient (from `../CatchLib-iOS/MZFayeClient/`)
  - pop
  - Proposer
  - RealmSwift
  - Ruler
  - TPKeyboardAvoiding (~> 1.2)

EXTERNAL SOURCES:
  KeyboardMan:
    :podspec: KeyboardMan.podspec
  MZFayeClient:
    :path: "../CatchLib-iOS/MZFayeClient/"

CHECKOUT OPTIONS:
  KeyboardMan:
    :commit: 8a3a12d7616bb50164f53d18ebefeecdce04572a
    :git: https://github.com/nixzhu/KeyboardMan.git

SPEC CHECKSUMS:
  AFNetworking: 05edc0ac4c4c8cf57bcf4b84be5b0744b6d8e71e
  APAddressBook: 2c949367b190a993d2cce769a3b20bce8bcf000c
  Base64: 4924bf3ca6fa559a5161ef717291bd450eb7bd1a
  FXBlurView: c6d23f3d35af2c6282296a2930f61c6e2c788d01
  KeyboardMan: 3a3f92a626903bded98bea164c0bdfbdf3e0618b
  Kingfisher: 4446782a827abbe2e6048a1fa741924a10e6ad7c
  MZFayeClient: 65e7ef67e61fbe7a7a8b196130541c9f06bcb5d8
  pop: 628ffc631644601567ee8bfaaaea493ebd7d0923
  Proposer: 6fa2c0dc88b5445aed16786c6717d3676586ff9b
  Realm: 2fdd0ae74f730e190384e0338d8a0d3654df8220
  RealmSwift: 231b064da9f98b1c4f325fe1f1cb8756aae2b8d6
  Ruler: bf01a372f064c900c089c78abd75c2685a86ecba
  SocketRocket: 01443933b7bc362621325f4607b80b4286a99707
  TPKeyboardAvoiding: ff1ee4e5a5a0c119b965552af8f183868ea20207

COCOAPODS: 0.38.0
