// !$*UTF8*$!
{
	archiveVersion = 1;
	classes = {
	};
	objectVersion = 46;
	objects = {

/* Begin PBXBuildFile section */
		0A8F54B11AB67D11004AD60E /* AppDelegate.swift in Sources */ = {isa = PBXBuildFile; fileRef = 0A8F54B01AB67D11004AD60E /* AppDelegate.swift */; };
		0A8F54B61AB67D11004AD60E /* Main.storyboard in Resources */ = {isa = PBXBuildFile; fileRef = 0A8F54B41AB67D11004AD60E /* Main.storyboard */; };
		0A8F54B81AB67D11004AD60E /* Images.xcassets in Resources */ = {isa = PBXBuildFile; fileRef = 0A8F54B71AB67D11004AD60E /* Images.xcassets */; };
		0A8F54BB1AB67D11004AD60E /* LaunchScreen.xib in Resources */ = {isa = PBXBuildFile; fileRef = 0A8F54B91AB67D11004AD60E /* LaunchScreen.xib */; };
		0A8F54C71AB67D11004AD60E /* YepTests.swift in Sources */ = {isa = PBXBuildFile; fileRef = 0A8F54C61AB67D11004AD60E /* YepTests.swift */; };
		5023DE261AB6856300B3EE96 /* ConversationsViewController.swift in Sources */ = {isa = PBXBuildFile; fileRef = 5023DE251AB6856300B3EE96 /* ConversationsViewController.swift */; };
		5023DE2A1AB685BA00B3EE96 /* ContactsViewController.swift in Sources */ = {isa = PBXBuildFile; fileRef = 5023DE291AB685BA00B3EE96 /* ContactsViewController.swift */; };
		5023DE2D1AB685ED00B3EE96 /* DiscoverViewController.swift in Sources */ = {isa = PBXBuildFile; fileRef = 5023DE2C1AB685ED00B3EE96 /* DiscoverViewController.swift */; };
		5023DE301AB6861500B3EE96 /* ProfileViewController.swift in Sources */ = {isa = PBXBuildFile; fileRef = 5023DE2F1AB6861500B3EE96 /* ProfileViewController.swift */; };
		5023DE331AB688F600B3EE96 /* UIColor+Yep.swift in Sources */ = {isa = PBXBuildFile; fileRef = 5023DE321AB688F600B3EE96 /* UIColor+Yep.swift */; };
		5023DE371AB6979600B3EE96 /* ConversationCell.swift in Sources */ = {isa = PBXBuildFile; fileRef = 5023DE351AB6979600B3EE96 /* ConversationCell.swift */; };
		5023DE381AB6979600B3EE96 /* ConversationCell.xib in Resources */ = {isa = PBXBuildFile; fileRef = 5023DE361AB6979600B3EE96 /* ConversationCell.xib */; };
		5023DE4A1AB6B19300B3EE96 /* jony.png in Resources */ = {isa = PBXBuildFile; fileRef = 5023DE451AB6B19300B3EE96 /* jony.png */; };
		5023DE4B1AB6B19300B3EE96 /* kevin.png in Resources */ = {isa = PBXBuildFile; fileRef = 5023DE461AB6B19300B3EE96 /* kevin.png */; };
		5023DE4C1AB6B19300B3EE96 /* nixzhu.png in Resources */ = {isa = PBXBuildFile; fileRef = 5023DE471AB6B19300B3EE96 /* nixzhu.png */; };
		5023DE4D1AB6B19300B3EE96 /* robert.png in Resources */ = {isa = PBXBuildFile; fileRef = 5023DE481AB6B19300B3EE96 /* robert.png */; };
		5023DE4E1AB6B19300B3EE96 /* scarlett.png in Resources */ = {isa = PBXBuildFile; fileRef = 5023DE491AB6B19300B3EE96 /* scarlett.png */; };
		5023DE521AB6C51300B3EE96 /* CGRect+Yep.swift in Sources */ = {isa = PBXBuildFile; fileRef = 5023DE511AB6C51300B3EE96 /* CGRect+Yep.swift */; };
		5023DE561AB6CA1000B3EE96 /* AvatarCache.swift in Sources */ = {isa = PBXBuildFile; fileRef = 5023DE551AB6CA1000B3EE96 /* AvatarCache.swift */; };
		5023DE591AB6DBC100B3EE96 /* UIImage+Yep.swift in Sources */ = {isa = PBXBuildFile; fileRef = 5023DE581AB6DBC100B3EE96 /* UIImage+Yep.swift */; };
		502AE5191AB70D72005BD199 /* Intro.storyboard in Resources */ = {isa = PBXBuildFile; fileRef = 502AE5171AB70D72005BD199 /* Intro.storyboard */; };
		502AE51B1AB70DDB005BD199 /* WelcomeViewController.swift in Sources */ = {isa = PBXBuildFile; fileRef = 502AE51A1AB70DDB005BD199 /* WelcomeViewController.swift */; };
		502AE51E1AB712D2005BD199 /* RegisterPickNameViewController.swift in Sources */ = {isa = PBXBuildFile; fileRef = 502AE51D1AB712D2005BD199 /* RegisterPickNameViewController.swift */; };
		502AE5211AB71C7E005BD199 /* BorderButton.swift in Sources */ = {isa = PBXBuildFile; fileRef = 502AE5201AB71C7E005BD199 /* BorderButton.swift */; };
		502AE5271AB72D06005BD199 /* YepNetworking.swift in Sources */ = {isa = PBXBuildFile; fileRef = 502AE5261AB72D06005BD199 /* YepNetworking.swift */; };
		502AE5291AB81076005BD199 /* YepService.swift in Sources */ = {isa = PBXBuildFile; fileRef = 502AE5281AB81076005BD199 /* YepService.swift */; };
		502AE52B1AB819AF005BD199 /* YepConfig.swift in Sources */ = {isa = PBXBuildFile; fileRef = 502AE52A1AB819AF005BD199 /* YepConfig.swift */; };
/* End PBXBuildFile section */

/* Begin PBXContainerItemProxy section */
		0A8F54C11AB67D11004AD60E /* PBXContainerItemProxy */ = {
			isa = PBXContainerItemProxy;
			containerPortal = 0A8F54A31AB67D11004AD60E /* Project object */;
			proxyType = 1;
			remoteGlobalIDString = 0A8F54AA1AB67D11004AD60E;
			remoteInfo = Yep;
		};
/* End PBXContainerItemProxy section */

/* Begin PBXFileReference section */
		0A8F54AB1AB67D11004AD60E /* Yep.app */ = {isa = PBXFileReference; explicitFileType = wrapper.application; includeInIndex = 0; path = Yep.app; sourceTree = BUILT_PRODUCTS_DIR; };
		0A8F54AF1AB67D11004AD60E /* Info.plist */ = {isa = PBXFileReference; lastKnownFileType = text.plist.xml; path = Info.plist; sourceTree = "<group>"; };
		0A8F54B01AB67D11004AD60E /* AppDelegate.swift */ = {isa = PBXFileReference; lastKnownFileType = sourcecode.swift; path = AppDelegate.swift; sourceTree = "<group>"; };
		0A8F54B51AB67D11004AD60E /* Base */ = {isa = PBXFileReference; lastKnownFileType = file.storyboard; name = Base; path = Base.lproj/Main.storyboard; sourceTree = "<group>"; };
		0A8F54B71AB67D11004AD60E /* Images.xcassets */ = {isa = PBXFileReference; lastKnownFileType = folder.assetcatalog; path = Images.xcassets; sourceTree = "<group>"; };
		0A8F54BA1AB67D11004AD60E /* Base */ = {isa = PBXFileReference; lastKnownFileType = file.xib; name = Base; path = Base.lproj/LaunchScreen.xib; sourceTree = "<group>"; };
		0A8F54C01AB67D11004AD60E /* YepTests.xctest */ = {isa = PBXFileReference; explicitFileType = wrapper.cfbundle; includeInIndex = 0; path = YepTests.xctest; sourceTree = BUILT_PRODUCTS_DIR; };
		0A8F54C51AB67D11004AD60E /* Info.plist */ = {isa = PBXFileReference; lastKnownFileType = text.plist.xml; path = Info.plist; sourceTree = "<group>"; };
		0A8F54C61AB67D11004AD60E /* YepTests.swift */ = {isa = PBXFileReference; lastKnownFileType = sourcecode.swift; path = YepTests.swift; sourceTree = "<group>"; };
		5023DE251AB6856300B3EE96 /* ConversationsViewController.swift */ = {isa = PBXFileReference; fileEncoding = 4; lastKnownFileType = sourcecode.swift; name = ConversationsViewController.swift; path = ViewControllers/Conversations/ConversationsViewController.swift; sourceTree = "<group>"; };
		5023DE291AB685BA00B3EE96 /* ContactsViewController.swift */ = {isa = PBXFileReference; fileEncoding = 4; lastKnownFileType = sourcecode.swift; name = ContactsViewController.swift; path = ViewControllers/Contacts/ContactsViewController.swift; sourceTree = "<group>"; };
		5023DE2C1AB685ED00B3EE96 /* DiscoverViewController.swift */ = {isa = PBXFileReference; fileEncoding = 4; lastKnownFileType = sourcecode.swift; name = DiscoverViewController.swift; path = ViewControllers/Discover/DiscoverViewController.swift; sourceTree = "<group>"; };
		5023DE2F1AB6861500B3EE96 /* ProfileViewController.swift */ = {isa = PBXFileReference; fileEncoding = 4; lastKnownFileType = sourcecode.swift; name = ProfileViewController.swift; path = ViewControllers/Profile/ProfileViewController.swift; sourceTree = "<group>"; };
		5023DE321AB688F600B3EE96 /* UIColor+Yep.swift */ = {isa = PBXFileReference; fileEncoding = 4; lastKnownFileType = sourcecode.swift; name = "UIColor+Yep.swift"; path = "Extensions/UIColor+Yep.swift"; sourceTree = "<group>"; };
		5023DE351AB6979600B3EE96 /* ConversationCell.swift */ = {isa = PBXFileReference; fileEncoding = 4; lastKnownFileType = sourcecode.swift; name = ConversationCell.swift; path = Views/Cells/Conversation/ConversationCell.swift; sourceTree = "<group>"; };
		5023DE361AB6979600B3EE96 /* ConversationCell.xib */ = {isa = PBXFileReference; fileEncoding = 4; lastKnownFileType = file.xib; name = ConversationCell.xib; path = Views/Cells/Conversation/ConversationCell.xib; sourceTree = "<group>"; };
		5023DE451AB6B19300B3EE96 /* jony.png */ = {isa = PBXFileReference; lastKnownFileType = image.png; path = jony.png; sourceTree = "<group>"; };
		5023DE461AB6B19300B3EE96 /* kevin.png */ = {isa = PBXFileReference; lastKnownFileType = image.png; path = kevin.png; sourceTree = "<group>"; };
		5023DE471AB6B19300B3EE96 /* nixzhu.png */ = {isa = PBXFileReference; lastKnownFileType = image.png; path = nixzhu.png; sourceTree = "<group>"; };
		5023DE481AB6B19300B3EE96 /* robert.png */ = {isa = PBXFileReference; lastKnownFileType = image.png; path = robert.png; sourceTree = "<group>"; };
		5023DE491AB6B19300B3EE96 /* scarlett.png */ = {isa = PBXFileReference; lastKnownFileType = image.png; path = scarlett.png; sourceTree = "<group>"; };
		5023DE511AB6C51300B3EE96 /* CGRect+Yep.swift */ = {isa = PBXFileReference; fileEncoding = 4; lastKnownFileType = sourcecode.swift; name = "CGRect+Yep.swift"; path = "Extensions/CGRect+Yep.swift"; sourceTree = "<group>"; };
		5023DE551AB6CA1000B3EE96 /* AvatarCache.swift */ = {isa = PBXFileReference; fileEncoding = 4; lastKnownFileType = sourcecode.swift; name = AvatarCache.swift; path = Caches/AvatarCache.swift; sourceTree = "<group>"; };
		5023DE581AB6DBC100B3EE96 /* UIImage+Yep.swift */ = {isa = PBXFileReference; fileEncoding = 4; lastKnownFileType = sourcecode.swift; name = "UIImage+Yep.swift"; path = "Extensions/UIImage+Yep.swift"; sourceTree = "<group>"; };
		502AE5181AB70D72005BD199 /* Base */ = {isa = PBXFileReference; lastKnownFileType = file.storyboard; name = Base; path = Base.lproj/Intro.storyboard; sourceTree = "<group>"; };
		502AE51A1AB70DDB005BD199 /* WelcomeViewController.swift */ = {isa = PBXFileReference; fileEncoding = 4; lastKnownFileType = sourcecode.swift; name = WelcomeViewController.swift; path = ViewControllers/Welcome/WelcomeViewController.swift; sourceTree = "<group>"; };
		502AE51D1AB712D2005BD199 /* RegisterPickNameViewController.swift */ = {isa = PBXFileReference; fileEncoding = 4; lastKnownFileType = sourcecode.swift; name = RegisterPickNameViewController.swift; path = ViewControllers/Register/RegisterPickNameViewController.swift; sourceTree = "<group>"; };
		502AE5201AB71C7E005BD199 /* BorderButton.swift */ = {isa = PBXFileReference; fileEncoding = 4; lastKnownFileType = sourcecode.swift; name = BorderButton.swift; path = Views/Buttons/BorderButton.swift; sourceTree = "<group>"; };
		502AE5261AB72D06005BD199 /* YepNetworking.swift */ = {isa = PBXFileReference; fileEncoding = 4; lastKnownFileType = sourcecode.swift; name = YepNetworking.swift; path = Services/YepNetworking.swift; sourceTree = "<group>"; };
		502AE5281AB81076005BD199 /* YepService.swift */ = {isa = PBXFileReference; fileEncoding = 4; lastKnownFileType = sourcecode.swift; name = YepService.swift; path = Services/YepService.swift; sourceTree = "<group>"; };
		502AE52A1AB819AF005BD199 /* YepConfig.swift */ = {isa = PBXFileReference; fileEncoding = 4; lastKnownFileType = sourcecode.swift; name = YepConfig.swift; path = Configs/YepConfig.swift; sourceTree = "<group>"; };
/* End PBXFileReference section */

/* Begin PBXFrameworksBuildPhase section */
		0A8F54A81AB67D11004AD60E /* Frameworks */ = {
			isa = PBXFrameworksBuildPhase;
			buildActionMask = 2147483647;
			files = (
			);
			runOnlyForDeploymentPostprocessing = 0;
		};
		0A8F54BD1AB67D11004AD60E /* Frameworks */ = {
			isa = PBXFrameworksBuildPhase;
			buildActionMask = 2147483647;
			files = (
			);
			runOnlyForDeploymentPostprocessing = 0;
		};
/* End PBXFrameworksBuildPhase section */

/* Begin PBXGroup section */
		0A8F54A21AB67D11004AD60E = {
			isa = PBXGroup;
			children = (
				0A8F54AD1AB67D11004AD60E /* Yep */,
				0A8F54C31AB67D11004AD60E /* YepTests */,
				0A8F54AC1AB67D11004AD60E /* Products */,
			);
			sourceTree = "<group>";
		};
		0A8F54AC1AB67D11004AD60E /* Products */ = {
			isa = PBXGroup;
			children = (
				0A8F54AB1AB67D11004AD60E /* Yep.app */,
				0A8F54C01AB67D11004AD60E /* YepTests.xctest */,
			);
			name = Products;
			sourceTree = "<group>";
		};
		0A8F54AD1AB67D11004AD60E /* Yep */ = {
			isa = PBXGroup;
			children = (
				5023DE441AB6B19300B3EE96 /* DummyData */,
				0A8F54B01AB67D11004AD60E /* AppDelegate.swift */,
				502AE52C1AB819B5005BD199 /* Configs */,
				502AE5251AB72BE9005BD199 /* Services */,
				5023DE571AB6CA1400B3EE96 /* Caches */,
				5023DE341AB688F900B3EE96 /* Extensions */,
				5023DE391AB6979C00B3EE96 /* Views */,
				5023DE271AB6856600B3EE96 /* ViewControllers */,
				0A8F54B41AB67D11004AD60E /* Main.storyboard */,
				502AE5171AB70D72005BD199 /* Intro.storyboard */,
				0A8F54B71AB67D11004AD60E /* Images.xcassets */,
				0A8F54B91AB67D11004AD60E /* LaunchScreen.xib */,
				0A8F54AE1AB67D11004AD60E /* Supporting Files */,
			);
			path = Yep;
			sourceTree = "<group>";
		};
		0A8F54AE1AB67D11004AD60E /* Supporting Files */ = {
			isa = PBXGroup;
			children = (
				0A8F54AF1AB67D11004AD60E /* Info.plist */,
			);
			name = "Supporting Files";
			sourceTree = "<group>";
		};
		0A8F54C31AB67D11004AD60E /* YepTests */ = {
			isa = PBXGroup;
			children = (
				0A8F54C61AB67D11004AD60E /* YepTests.swift */,
				0A8F54C41AB67D11004AD60E /* Supporting Files */,
			);
			path = YepTests;
			sourceTree = "<group>";
		};
		0A8F54C41AB67D11004AD60E /* Supporting Files */ = {
			isa = PBXGroup;
			children = (
				0A8F54C51AB67D11004AD60E /* Info.plist */,
			);
			name = "Supporting Files";
			sourceTree = "<group>";
		};
		5023DE271AB6856600B3EE96 /* ViewControllers */ = {
			isa = PBXGroup;
			children = (
				5023DE281AB6857500B3EE96 /* Conversations */,
				5023DE2B1AB685BD00B3EE96 /* Contacts */,
				5023DE2E1AB685F100B3EE96 /* Discover */,
				5023DE311AB6861900B3EE96 /* Profile */,
				502AE51C1AB70DE5005BD199 /* Welcome */,
				502AE51F1AB712D6005BD199 /* Register */,
			);
			name = ViewControllers;
			sourceTree = "<group>";
		};
		5023DE281AB6857500B3EE96 /* Conversations */ = {
			isa = PBXGroup;
			children = (
				5023DE251AB6856300B3EE96 /* ConversationsViewController.swift */,
			);
			name = Conversations;
			sourceTree = "<group>";
		};
		5023DE2B1AB685BD00B3EE96 /* Contacts */ = {
			isa = PBXGroup;
			children = (
				5023DE291AB685BA00B3EE96 /* ContactsViewController.swift */,
			);
			name = Contacts;
			sourceTree = "<group>";
		};
		5023DE2E1AB685F100B3EE96 /* Discover */ = {
			isa = PBXGroup;
			children = (
				5023DE2C1AB685ED00B3EE96 /* DiscoverViewController.swift */,
			);
			name = Discover;
			sourceTree = "<group>";
		};
		5023DE311AB6861900B3EE96 /* Profile */ = {
			isa = PBXGroup;
			children = (
				5023DE2F1AB6861500B3EE96 /* ProfileViewController.swift */,
			);
			name = Profile;
			sourceTree = "<group>";
		};
		5023DE341AB688F900B3EE96 /* Extensions */ = {
			isa = PBXGroup;
			children = (
				5023DE321AB688F600B3EE96 /* UIColor+Yep.swift */,
				5023DE511AB6C51300B3EE96 /* CGRect+Yep.swift */,
				5023DE581AB6DBC100B3EE96 /* UIImage+Yep.swift */,
			);
			name = Extensions;
			sourceTree = "<group>";
		};
		5023DE391AB6979C00B3EE96 /* Views */ = {
			isa = PBXGroup;
			children = (
				5023DE3A1AB697A700B3EE96 /* Cells */,
				502AE5221AB71C82005BD199 /* Buttons */,
			);
			name = Views;
			sourceTree = "<group>";
		};
		5023DE3A1AB697A700B3EE96 /* Cells */ = {
			isa = PBXGroup;
			children = (
				5023DE3B1AB697B000B3EE96 /* Conversation */,
			);
			name = Cells;
			sourceTree = "<group>";
		};
		5023DE3B1AB697B000B3EE96 /* Conversation */ = {
			isa = PBXGroup;
			children = (
				5023DE351AB6979600B3EE96 /* ConversationCell.swift */,
				5023DE361AB6979600B3EE96 /* ConversationCell.xib */,
			);
			name = Conversation;
			sourceTree = "<group>";
		};
		5023DE441AB6B19300B3EE96 /* DummyData */ = {
			isa = PBXGroup;
			children = (
				5023DE451AB6B19300B3EE96 /* jony.png */,
				5023DE461AB6B19300B3EE96 /* kevin.png */,
				5023DE471AB6B19300B3EE96 /* nixzhu.png */,
				5023DE481AB6B19300B3EE96 /* robert.png */,
				5023DE491AB6B19300B3EE96 /* scarlett.png */,
			);
			path = DummyData;
			sourceTree = "<group>";
		};
		5023DE571AB6CA1400B3EE96 /* Caches */ = {
			isa = PBXGroup;
			children = (
				5023DE551AB6CA1000B3EE96 /* AvatarCache.swift */,
			);
			name = Caches;
			sourceTree = "<group>";
		};
		502AE51C1AB70DE5005BD199 /* Welcome */ = {
			isa = PBXGroup;
			children = (
				502AE51A1AB70DDB005BD199 /* WelcomeViewController.swift */,
			);
			name = Welcome;
			sourceTree = "<group>";
		};
		502AE51F1AB712D6005BD199 /* Register */ = {
			isa = PBXGroup;
			children = (
				502AE51D1AB712D2005BD199 /* RegisterPickNameViewController.swift */,
			);
			name = Register;
			sourceTree = "<group>";
		};
		502AE5221AB71C82005BD199 /* Buttons */ = {
			isa = PBXGroup;
			children = (
				502AE5201AB71C7E005BD199 /* BorderButton.swift */,
			);
			name = Buttons;
			sourceTree = "<group>";
		};
		502AE5251AB72BE9005BD199 /* Services */ = {
			isa = PBXGroup;
			children = (
				502AE5261AB72D06005BD199 /* YepNetworking.swift */,
				502AE5281AB81076005BD199 /* YepService.swift */,
			);
			name = Services;
			sourceTree = "<group>";
		};
		502AE52C1AB819B5005BD199 /* Configs */ = {
			isa = PBXGroup;
			children = (
				502AE52A1AB819AF005BD199 /* YepConfig.swift */,
			);
			name = Configs;
			sourceTree = "<group>";
		};
/* End PBXGroup section */

/* Begin PBXNativeTarget section */
		0A8F54AA1AB67D11004AD60E /* Yep */ = {
			isa = PBXNativeTarget;
			buildConfigurationList = 0A8F54CA1AB67D11004AD60E /* Build configuration list for PBXNativeTarget "Yep" */;
			buildPhases = (
				0A8F54A71AB67D11004AD60E /* Sources */,
				0A8F54A81AB67D11004AD60E /* Frameworks */,
				0A8F54A91AB67D11004AD60E /* Resources */,
			);
			buildRules = (
			);
			dependencies = (
			);
			name = Yep;
			productName = Yep;
			productReference = 0A8F54AB1AB67D11004AD60E /* Yep.app */;
			productType = "com.apple.product-type.application";
		};
		0A8F54BF1AB67D11004AD60E /* YepTests */ = {
			isa = PBXNativeTarget;
			buildConfigurationList = 0A8F54CD1AB67D11004AD60E /* Build configuration list for PBXNativeTarget "YepTests" */;
			buildPhases = (
				0A8F54BC1AB67D11004AD60E /* Sources */,
				0A8F54BD1AB67D11004AD60E /* Frameworks */,
				0A8F54BE1AB67D11004AD60E /* Resources */,
			);
			buildRules = (
			);
			dependencies = (
				0A8F54C21AB67D11004AD60E /* PBXTargetDependency */,
			);
			name = YepTests;
			productName = YepTests;
			productReference = 0A8F54C01AB67D11004AD60E /* YepTests.xctest */;
			productType = "com.apple.product-type.bundle.unit-test";
		};
/* End PBXNativeTarget section */

/* Begin PBXProject section */
		0A8F54A31AB67D11004AD60E /* Project object */ = {
			isa = PBXProject;
			attributes = {
				LastUpgradeCheck = 0630;
				ORGANIZATIONNAME = "Catch Inc";
				TargetAttributes = {
					0A8F54AA1AB67D11004AD60E = {
						CreatedOnToolsVersion = 6.3;
						DevelopmentTeam = TKRALRXCKN;
					};
					0A8F54BF1AB67D11004AD60E = {
						CreatedOnToolsVersion = 6.3;
						TestTargetID = 0A8F54AA1AB67D11004AD60E;
					};
				};
			};
			buildConfigurationList = 0A8F54A61AB67D11004AD60E /* Build configuration list for PBXProject "Yep" */;
			compatibilityVersion = "Xcode 3.2";
			developmentRegion = English;
			hasScannedForEncodings = 0;
			knownRegions = (
				en,
				Base,
			);
			mainGroup = 0A8F54A21AB67D11004AD60E;
			productRefGroup = 0A8F54AC1AB67D11004AD60E /* Products */;
			projectDirPath = "";
			projectRoot = "";
			targets = (
				0A8F54AA1AB67D11004AD60E /* Yep */,
				0A8F54BF1AB67D11004AD60E /* YepTests */,
			);
		};
/* End PBXProject section */

/* Begin PBXResourcesBuildPhase section */
		0A8F54A91AB67D11004AD60E /* Resources */ = {
			isa = PBXResourcesBuildPhase;
			buildActionMask = 2147483647;
			files = (
				5023DE4E1AB6B19300B3EE96 /* scarlett.png in Resources */,
				5023DE381AB6979600B3EE96 /* ConversationCell.xib in Resources */,
				5023DE4B1AB6B19300B3EE96 /* kevin.png in Resources */,
				5023DE4A1AB6B19300B3EE96 /* jony.png in Resources */,
				5023DE4D1AB6B19300B3EE96 /* robert.png in Resources */,
				0A8F54B61AB67D11004AD60E /* Main.storyboard in Resources */,
				5023DE4C1AB6B19300B3EE96 /* nixzhu.png in Resources */,
				0A8F54BB1AB67D11004AD60E /* LaunchScreen.xib in Resources */,
				0A8F54B81AB67D11004AD60E /* Images.xcassets in Resources */,
				502AE5191AB70D72005BD199 /* Intro.storyboard in Resources */,
			);
			runOnlyForDeploymentPostprocessing = 0;
		};
		0A8F54BE1AB67D11004AD60E /* Resources */ = {
			isa = PBXResourcesBuildPhase;
			buildActionMask = 2147483647;
			files = (
			);
			runOnlyForDeploymentPostprocessing = 0;
		};
/* End PBXResourcesBuildPhase section */

/* Begin PBXSourcesBuildPhase section */
		0A8F54A71AB67D11004AD60E /* Sources */ = {
			isa = PBXSourcesBuildPhase;
			buildActionMask = 2147483647;
			files = (
				502AE5211AB71C7E005BD199 /* BorderButton.swift in Sources */,
				5023DE331AB688F600B3EE96 /* UIColor+Yep.swift in Sources */,
				0A8F54B11AB67D11004AD60E /* AppDelegate.swift in Sources */,
				502AE51B1AB70DDB005BD199 /* WelcomeViewController.swift in Sources */,
				5023DE591AB6DBC100B3EE96 /* UIImage+Yep.swift in Sources */,
				5023DE2D1AB685ED00B3EE96 /* DiscoverViewController.swift in Sources */,
				5023DE301AB6861500B3EE96 /* ProfileViewController.swift in Sources */,
				5023DE261AB6856300B3EE96 /* ConversationsViewController.swift in Sources */,
				502AE5271AB72D06005BD199 /* YepNetworking.swift in Sources */,
				502AE5291AB81076005BD199 /* YepService.swift in Sources */,
				502AE51E1AB712D2005BD199 /* RegisterPickNameViewController.swift in Sources */,
				5023DE2A1AB685BA00B3EE96 /* ContactsViewController.swift in Sources */,
				5023DE561AB6CA1000B3EE96 /* AvatarCache.swift in Sources */,
				5023DE371AB6979600B3EE96 /* ConversationCell.swift in Sources */,
				502AE52B1AB819AF005BD199 /* YepConfig.swift in Sources */,
				5023DE521AB6C51300B3EE96 /* CGRect+Yep.swift in Sources */,
			);
			runOnlyForDeploymentPostprocessing = 0;
		};
		0A8F54BC1AB67D11004AD60E /* Sources */ = {
			isa = PBXSourcesBuildPhase;
			buildActionMask = 2147483647;
			files = (
				0A8F54C71AB67D11004AD60E /* YepTests.swift in Sources */,
			);
			runOnlyForDeploymentPostprocessing = 0;
		};
/* End PBXSourcesBuildPhase section */

/* Begin PBXTargetDependency section */
		0A8F54C21AB67D11004AD60E /* PBXTargetDependency */ = {
			isa = PBXTargetDependency;
			target = 0A8F54AA1AB67D11004AD60E /* Yep */;
			targetProxy = 0A8F54C11AB67D11004AD60E /* PBXContainerItemProxy */;
		};
/* End PBXTargetDependency section */

/* Begin PBXVariantGroup section */
		0A8F54B41AB67D11004AD60E /* Main.storyboard */ = {
			isa = PBXVariantGroup;
			children = (
				0A8F54B51AB67D11004AD60E /* Base */,
			);
			name = Main.storyboard;
			sourceTree = "<group>";
		};
		0A8F54B91AB67D11004AD60E /* LaunchScreen.xib */ = {
			isa = PBXVariantGroup;
			children = (
				0A8F54BA1AB67D11004AD60E /* Base */,
			);
			name = LaunchScreen.xib;
			sourceTree = "<group>";
		};
		502AE5171AB70D72005BD199 /* Intro.storyboard */ = {
			isa = PBXVariantGroup;
			children = (
				502AE5181AB70D72005BD199 /* Base */,
			);
			name = Intro.storyboard;
			sourceTree = "<group>";
		};
/* End PBXVariantGroup section */

/* Begin XCBuildConfiguration section */
		0A8F54C81AB67D11004AD60E /* Debug */ = {
			isa = XCBuildConfiguration;
			buildSettings = {
				ALWAYS_SEARCH_USER_PATHS = NO;
				CLANG_CXX_LANGUAGE_STANDARD = "gnu++0x";
				CLANG_CXX_LIBRARY = "libc++";
				CLANG_ENABLE_MODULES = YES;
				CLANG_ENABLE_OBJC_ARC = YES;
				CLANG_WARN_BOOL_CONVERSION = YES;
				CLANG_WARN_CONSTANT_CONVERSION = YES;
				CLANG_WARN_DIRECT_OBJC_ISA_USAGE = YES_ERROR;
				CLANG_WARN_EMPTY_BODY = YES;
				CLANG_WARN_ENUM_CONVERSION = YES;
				CLANG_WARN_INT_CONVERSION = YES;
				CLANG_WARN_OBJC_ROOT_CLASS = YES_ERROR;
				CLANG_WARN_UNREACHABLE_CODE = YES;
				CLANG_WARN__DUPLICATE_METHOD_MATCH = YES;
				"CODE_SIGN_IDENTITY[sdk=iphoneos*]" = "iPhone Developer";
				COPY_PHASE_STRIP = NO;
				DEBUG_INFORMATION_FORMAT = "dwarf-with-dsym";
				ENABLE_STRICT_OBJC_MSGSEND = YES;
				GCC_C_LANGUAGE_STANDARD = gnu99;
				GCC_DYNAMIC_NO_PIC = NO;
				GCC_NO_COMMON_BLOCKS = YES;
				GCC_OPTIMIZATION_LEVEL = 0;
				GCC_PREPROCESSOR_DEFINITIONS = (
					"DEBUG=1",
					"$(inherited)",
				);
				GCC_SYMBOLS_PRIVATE_EXTERN = NO;
				GCC_WARN_64_TO_32_BIT_CONVERSION = YES;
				GCC_WARN_ABOUT_RETURN_TYPE = YES_ERROR;
				GCC_WARN_UNDECLARED_SELECTOR = YES;
				GCC_WARN_UNINITIALIZED_AUTOS = YES_AGGRESSIVE;
				GCC_WARN_UNUSED_FUNCTION = YES;
				GCC_WARN_UNUSED_VARIABLE = YES;
				IPHONEOS_DEPLOYMENT_TARGET = 8.3;
				MTL_ENABLE_DEBUG_INFO = YES;
				ONLY_ACTIVE_ARCH = YES;
				SDKROOT = iphoneos;
				SWIFT_OPTIMIZATION_LEVEL = "-Onone";
			};
			name = Debug;
		};
		0A8F54C91AB67D11004AD60E /* Release */ = {
			isa = XCBuildConfiguration;
			buildSettings = {
				ALWAYS_SEARCH_USER_PATHS = NO;
				CLANG_CXX_LANGUAGE_STANDARD = "gnu++0x";
				CLANG_CXX_LIBRARY = "libc++";
				CLANG_ENABLE_MODULES = YES;
				CLANG_ENABLE_OBJC_ARC = YES;
				CLANG_WARN_BOOL_CONVERSION = YES;
				CLANG_WARN_CONSTANT_CONVERSION = YES;
				CLANG_WARN_DIRECT_OBJC_ISA_USAGE = YES_ERROR;
				CLANG_WARN_EMPTY_BODY = YES;
				CLANG_WARN_ENUM_CONVERSION = YES;
				CLANG_WARN_INT_CONVERSION = YES;
				CLANG_WARN_OBJC_ROOT_CLASS = YES_ERROR;
				CLANG_WARN_UNREACHABLE_CODE = YES;
				CLANG_WARN__DUPLICATE_METHOD_MATCH = YES;
				"CODE_SIGN_IDENTITY[sdk=iphoneos*]" = "iPhone Developer";
				COPY_PHASE_STRIP = NO;
				DEBUG_INFORMATION_FORMAT = "dwarf-with-dsym";
				ENABLE_NS_ASSERTIONS = NO;
				ENABLE_STRICT_OBJC_MSGSEND = YES;
				GCC_C_LANGUAGE_STANDARD = gnu99;
				GCC_NO_COMMON_BLOCKS = YES;
				GCC_WARN_64_TO_32_BIT_CONVERSION = YES;
				GCC_WARN_ABOUT_RETURN_TYPE = YES_ERROR;
				GCC_WARN_UNDECLARED_SELECTOR = YES;
				GCC_WARN_UNINITIALIZED_AUTOS = YES_AGGRESSIVE;
				GCC_WARN_UNUSED_FUNCTION = YES;
				GCC_WARN_UNUSED_VARIABLE = YES;
				IPHONEOS_DEPLOYMENT_TARGET = 8.3;
				MTL_ENABLE_DEBUG_INFO = NO;
				SDKROOT = iphoneos;
				VALIDATE_PRODUCT = YES;
			};
			name = Release;
		};
		0A8F54CB1AB67D11004AD60E /* Debug */ = {
			isa = XCBuildConfiguration;
			buildSettings = {
				ASSETCATALOG_COMPILER_APPICON_NAME = AppIcon;
				CODE_SIGN_IDENTITY = "iPhone Developer";
				INFOPLIST_FILE = Yep/Info.plist;
				IPHONEOS_DEPLOYMENT_TARGET = 8.0;
				LD_RUNPATH_SEARCH_PATHS = "$(inherited) @executable_path/Frameworks";
				PRODUCT_NAME = "$(TARGET_NAME)";
			};
			name = Debug;
		};
		0A8F54CC1AB67D11004AD60E /* Release */ = {
			isa = XCBuildConfiguration;
			buildSettings = {
				ASSETCATALOG_COMPILER_APPICON_NAME = AppIcon;
				CODE_SIGN_IDENTITY = "iPhone Developer";
				INFOPLIST_FILE = Yep/Info.plist;
				IPHONEOS_DEPLOYMENT_TARGET = 8.0;
				LD_RUNPATH_SEARCH_PATHS = "$(inherited) @executable_path/Frameworks";
				PRODUCT_NAME = "$(TARGET_NAME)";
			};
			name = Release;
		};
		0A8F54CE1AB67D11004AD60E /* Debug */ = {
			isa = XCBuildConfiguration;
			buildSettings = {
				BUNDLE_LOADER = "$(TEST_HOST)";
				FRAMEWORK_SEARCH_PATHS = (
					"$(SDKROOT)/Developer/Library/Frameworks",
					"$(inherited)",
				);
				GCC_PREPROCESSOR_DEFINITIONS = (
					"DEBUG=1",
					"$(inherited)",
				);
				INFOPLIST_FILE = YepTests/Info.plist;
				LD_RUNPATH_SEARCH_PATHS = "$(inherited) @executable_path/Frameworks @loader_path/Frameworks";
				PRODUCT_NAME = "$(TARGET_NAME)";
				TEST_HOST = "$(BUILT_PRODUCTS_DIR)/Yep.app/Yep";
			};
			name = Debug;
		};
		0A8F54CF1AB67D11004AD60E /* Release */ = {
			isa = XCBuildConfiguration;
			buildSettings = {
				BUNDLE_LOADER = "$(TEST_HOST)";
				FRAMEWORK_SEARCH_PATHS = (
					"$(SDKROOT)/Developer/Library/Frameworks",
					"$(inherited)",
				);
				INFOPLIST_FILE = YepTests/Info.plist;
				LD_RUNPATH_SEARCH_PATHS = "$(inherited) @executable_path/Frameworks @loader_path/Frameworks";
				PRODUCT_NAME = "$(TARGET_NAME)";
				TEST_HOST = "$(BUILT_PRODUCTS_DIR)/Yep.app/Yep";
			};
			name = Release;
		};
/* End XCBuildConfiguration section */

/* Begin XCConfigurationList section */
		0A8F54A61AB67D11004AD60E /* Build configuration list for PBXProject "Yep" */ = {
			isa = XCConfigurationList;
			buildConfigurations = (
				0A8F54C81AB67D11004AD60E /* Debug */,
				0A8F54C91AB67D11004AD60E /* Release */,
			);
			defaultConfigurationIsVisible = 0;
			defaultConfigurationName = Release;
		};
		0A8F54CA1AB67D11004AD60E /* Build configuration list for PBXNativeTarget "Yep" */ = {
			isa = XCConfigurationList;
			buildConfigurations = (
				0A8F54CB1AB67D11004AD60E /* Debug */,
				0A8F54CC1AB67D11004AD60E /* Release */,
			);
			defaultConfigurationIsVisible = 0;
			defaultConfigurationName = Release;
		};
		0A8F54CD1AB67D11004AD60E /* Build configuration list for PBXNativeTarget "YepTests" */ = {
			isa = XCConfigurationList;
			buildConfigurations = (
				0A8F54CE1AB67D11004AD60E /* Debug */,
				0A8F54CF1AB67D11004AD60E /* Release */,
			);
			defaultConfigurationIsVisible = 0;
			defaultConfigurationName = Release;
		};
/* End XCConfigurationList section */
	};
	rootObject = 0A8F54A31AB67D11004AD60E /* Project object */;
}
